
Microsoft Visual Studio Solution File, Format Version 12.00
# Visual Studio Version 16
VisualStudioVersion = 16.0.29613.14
MinimumVisualStudioVersion = 10.0.40219.1
Project("{FAE04EC0-301F-11D3-BF4B-00C04F79EFBC}") = "Ex2ACollin", "Ex2ACollin.csproj", "{27FD06B9-C8DE-417C-A826-4388F289D2D0}"
EndProject
Global
	GlobalSection(SolutionConfigurationPlatforms) = preSolution
		Debug|Any CPU = Debug|Any CPU
		Release|Any CPU = Release|Any CPU
	EndGlobalSection
	GlobalSection(ProjectConfigurationPlatforms) = postSolution
		{27FD06B9-C8DE-417C-A826-4388F289D2D0}.Debug|Any CPU.ActiveCfg = Debug|Any CPU
		{27FD06B9-C8DE-417C-A826-4388F289D2D0}.Debug|Any CPU.Build.0 = Debug|Any CPU
		{27FD06B9-C8DE-417C-A826-4388F289D2D0}.Release|Any CPU.ActiveCfg = Release|Any CPU
		{27FD06B9-C8DE-417C-A826-4388F289D2D0}.Release|Any CPU.Build.0 = Release|Any CPU
	EndGlobalSection
	GlobalSection(SolutionProperties) = preSolution
		HideSolutionNode = FALSE
	EndGlobalSection
	GlobalSection(ExtensibilityGlobals) = postSolution
		SolutionGuid = {3A148F32-C29E-4016-B4AB-C840B4EEF1C1}
	EndGlobalSection
EndGlobal
