
Microsoft Visual Studio Solution File, Format Version 12.00
# Visual Studio Version 16
VisualStudioVersion = 16.0.29613.14
MinimumVisualStudioVersion = 10.0.40219.1
Project("{FAE04EC0-301F-11D3-BF4B-00C04F79EFBC}") = "Lab3D", "Lab3D.csproj", "{444D142C-80D1-4C22-AEAC-DA5BD213EAB7}"
EndProject
Project("{FAE04EC0-301F-11D3-BF4B-00C04F79EFBC}") = "ClassLibrary", "..\ClassLibrary\ClassLibrary.csproj", "{8D195120-8AAC-4032-AC6D-8D324A46F7FF}"
EndProject
Global
	GlobalSection(SolutionConfigurationPlatforms) = preSolution
		Debug|Any CPU = Debug|Any CPU
		Release|Any CPU = Release|Any CPU
	EndGlobalSection
	GlobalSection(ProjectConfigurationPlatforms) = postSolution
		{444D142C-80D1-4C22-AEAC-DA5BD213EAB7}.Debug|Any CPU.ActiveCfg = Debug|Any CPU
		{444D142C-80D1-4C22-AEAC-DA5BD213EAB7}.Debug|Any CPU.Build.0 = Debug|Any CPU
		{444D142C-80D1-4C22-AEAC-DA5BD213EAB7}.Release|Any CPU.ActiveCfg = Release|Any CPU
		{444D142C-80D1-4C22-AEAC-DA5BD213EAB7}.Release|Any CPU.Build.0 = Release|Any CPU
		{8D195120-8AAC-4032-AC6D-8D324A46F7FF}.Debug|Any CPU.ActiveCfg = Debug|Any CPU
		{8D195120-8AAC-4032-AC6D-8D324A46F7FF}.Debug|Any CPU.Build.0 = Debug|Any CPU
		{8D195120-8AAC-4032-AC6D-8D324A46F7FF}.Release|Any CPU.ActiveCfg = Release|Any CPU
		{8D195120-8AAC-4032-AC6D-8D324A46F7FF}.Release|Any CPU.Build.0 = Release|Any CPU
	EndGlobalSection
	GlobalSection(SolutionProperties) = preSolution
		HideSolutionNode = FALSE
	EndGlobalSection
	GlobalSection(ExtensibilityGlobals) = postSolution
		SolutionGuid = {F12054A2-1FE5-479E-9D7C-9E150C173390}
	EndGlobalSection
EndGlobal
