
Microsoft Visual Studio Solution File, Format Version 12.00
# Visual Studio Version 16
VisualStudioVersion = 16.0.29728.190
MinimumVisualStudioVersion = 10.0.40219.1
Project("{FAE04EC0-301F-11D3-BF4B-00C04F79EFBC}") = "ImplementingInheritance", "ImplementingInheritance.csproj", "{089DE0C7-F8CA-413E-95D4-3828CD0B7B3B}"
EndProject
Project("{FAE04EC0-301F-11D3-BF4B-00C04F79EFBC}") = "ImplementingInheritanceClassLibrary", "ImplementingInheritanceClassLibrary\ImplementingInheritanceClassLibrary.csproj", "{88B1A881-D9E0-43BF-B07B-09D6C4AF1E10}"
EndProject
Global
	GlobalSection(SolutionConfigurationPlatforms) = preSolution
		Debug|Any CPU = Debug|Any CPU
		Release|Any CPU = Release|Any CPU
	EndGlobalSection
	GlobalSection(ProjectConfigurationPlatforms) = postSolution
		{089DE0C7-F8CA-413E-95D4-3828CD0B7B3B}.Debug|Any CPU.ActiveCfg = Debug|Any CPU
		{089DE0C7-F8CA-413E-95D4-3828CD0B7B3B}.Debug|Any CPU.Build.0 = Debug|Any CPU
		{089DE0C7-F8CA-413E-95D4-3828CD0B7B3B}.Release|Any CPU.ActiveCfg = Release|Any CPU
		{089DE0C7-F8CA-413E-95D4-3828CD0B7B3B}.Release|Any CPU.Build.0 = Release|Any CPU
		{88B1A881-D9E0-43BF-B07B-09D6C4AF1E10}.Debug|Any CPU.ActiveCfg = Debug|Any CPU
		{88B1A881-D9E0-43BF-B07B-09D6C4AF1E10}.Debug|Any CPU.Build.0 = Debug|Any CPU
		{88B1A881-D9E0-43BF-B07B-09D6C4AF1E10}.Release|Any CPU.ActiveCfg = Release|Any CPU
		{88B1A881-D9E0-43BF-B07B-09D6C4AF1E10}.Release|Any CPU.Build.0 = Release|Any CPU
	EndGlobalSection
	GlobalSection(SolutionProperties) = preSolution
		HideSolutionNode = FALSE
	EndGlobalSection
	GlobalSection(ExtensibilityGlobals) = postSolution
		SolutionGuid = {5C842690-0FEA-4B2F-8469-F6B622F82A01}
	EndGlobalSection
EndGlobal
